// !$*UTF8*$!
{
	archiveVersion = 1;
	classes = {
	};
	objectVersion = 52;
	objects = {

/* Begin PBXBuildFile section */
		C5913B4823DB6DDE009D4091 /* AppDelegate.swift in Sources */ = {isa = PBXBuildFile; fileRef = C5913B4723DB6DDE009D4091 /* AppDelegate.swift */; };
		C5913B4A23DB6DDE009D4091 /* SceneDelegate.swift in Sources */ = {isa = PBXBuildFile; fileRef = C5913B4923DB6DDE009D4091 /* SceneDelegate.swift */; };
		C5913B4C23DB6DDE009D4091 /* ViewController.swift in Sources */ = {isa = PBXBuildFile; fileRef = C5913B4B23DB6DDE009D4091 /* ViewController.swift */; };
		C5913B4F23DB6DDE009D4091 /* Main.storyboard in Resources */ = {isa = PBXBuildFile; fileRef = C5913B4D23DB6DDE009D4091 /* Main.storyboard */; };
		C5913B5123DB6DE6009D4091 /* Assets.xcassets in Resources */ = {isa = PBXBuildFile; fileRef = C5913B5023DB6DE6009D4091 /* Assets.xcassets */; };
		C5913B5423DB6DE6009D4091 /* LaunchScreen.storyboard in Resources */ = {isa = PBXBuildFile; fileRef = C5913B5223DB6DE6009D4091 /* LaunchScreen.storyboard */; };
		C5913B5F23DB6DE6009D4091 /* FinalTestXcodeBotTests.swift in Sources */ = {isa = PBXBuildFile; fileRef = C5913B5E23DB6DE6009D4091 /* FinalTestXcodeBotTests.swift */; };
		C5913B6A23DB6DE6009D4091 /* FinalTestXcodeBotUITests.swift in Sources */ = {isa = PBXBuildFile; fileRef = C5913B6923DB6DE6009D4091 /* FinalTestXcodeBotUITests.swift */; };
		C5913B7923DB6EB6009D4091 /* KeychainAccess in Frameworks */ = {isa = PBXBuildFile; productRef = C5913B7823DB6EB6009D4091 /* KeychainAccess */; };
		C5913B7B23DB6EF7009D4091 /* DataManager.swift in Sources */ = {isa = PBXBuildFile; fileRef = C5913B7A23DB6EF7009D4091 /* DataManager.swift */; };
		C5913B7C23DB7401009D4091 /* DataManager.swift in Sources */ = {isa = PBXBuildFile; fileRef = C5913B7A23DB6EF7009D4091 /* DataManager.swift */; };
		C5913B7D23DB7403009D4091 /* DataManager.swift in Sources */ = {isa = PBXBuildFile; fileRef = C5913B7A23DB6EF7009D4091 /* DataManager.swift */; };
/* End PBXBuildFile section */

/* Begin PBXContainerItemProxy section */
		C5913B5B23DB6DE6009D4091 /* PBXContainerItemProxy */ = {
			isa = PBXContainerItemProxy;
			containerPortal = C5913B3C23DB6DDE009D4091 /* Project object */;
			proxyType = 1;
			remoteGlobalIDString = C5913B4323DB6DDE009D4091;
			remoteInfo = FinalTestXcodeBot;
		};
		C5913B6623DB6DE6009D4091 /* PBXContainerItemProxy */ = {
			isa = PBXContainerItemProxy;
			containerPortal = C5913B3C23DB6DDE009D4091 /* Project object */;
			proxyType = 1;
			remoteGlobalIDString = C5913B4323DB6DDE009D4091;
			remoteInfo = FinalTestXcodeBot;
		};
/* End PBXContainerItemProxy section */

/* Begin PBXFileReference section */
		C5913B4423DB6DDE009D4091 /* FinalTestXcodeBot.app */ = {isa = PBXFileReference; explicitFileType = wrapper.application; includeInIndex = 0; path = FinalTestXcodeBot.app; sourceTree = BUILT_PRODUCTS_DIR; };
		C5913B4723DB6DDE009D4091 /* AppDelegate.swift */ = {isa = PBXFileReference; lastKnownFileType = sourcecode.swift; path = AppDelegate.swift; sourceTree = "<group>"; };
		C5913B4923DB6DDE009D4091 /* SceneDelegate.swift */ = {isa = PBXFileReference; lastKnownFileType = sourcecode.swift; path = SceneDelegate.swift; sourceTree = "<group>"; };
		C5913B4B23DB6DDE009D4091 /* ViewController.swift */ = {isa = PBXFileReference; lastKnownFileType = sourcecode.swift; path = ViewController.swift; sourceTree = "<group>"; };
		C5913B4E23DB6DDE009D4091 /* Base */ = {isa = PBXFileReference; lastKnownFileType = file.storyboard; name = Base; path = Base.lproj/Main.storyboard; sourceTree = "<group>"; };
		C5913B5023DB6DE6009D4091 /* Assets.xcassets */ = {isa = PBXFileReference; lastKnownFileType = folder.assetcatalog; path = Assets.xcassets; sourceTree = "<group>"; };
		C5913B5323DB6DE6009D4091 /* Base */ = {isa = PBXFileReference; lastKnownFileType = file.storyboard; name = Base; path = Base.lproj/LaunchScreen.storyboard; sourceTree = "<group>"; };
		C5913B5523DB6DE6009D4091 /* Info.plist */ = {isa = PBXFileReference; lastKnownFileType = text.plist.xml; path = Info.plist; sourceTree = "<group>"; };
		C5913B5A23DB6DE6009D4091 /* FinalTestXcodeBotTests.xctest */ = {isa = PBXFileReference; explicitFileType = wrapper.cfbundle; includeInIndex = 0; path = FinalTestXcodeBotTests.xctest; sourceTree = BUILT_PRODUCTS_DIR; };
		C5913B5E23DB6DE6009D4091 /* FinalTestXcodeBotTests.swift */ = {isa = PBXFileReference; lastKnownFileType = sourcecode.swift; path = FinalTestXcodeBotTests.swift; sourceTree = "<group>"; };
		C5913B6023DB6DE6009D4091 /* Info.plist */ = {isa = PBXFileReference; lastKnownFileType = text.plist.xml; path = Info.plist; sourceTree = "<group>"; };
		C5913B6523DB6DE6009D4091 /* FinalTestXcodeBotUITests.xctest */ = {isa = PBXFileReference; explicitFileType = wrapper.cfbundle; includeInIndex = 0; path = FinalTestXcodeBotUITests.xctest; sourceTree = BUILT_PRODUCTS_DIR; };
		C5913B6923DB6DE6009D4091 /* FinalTestXcodeBotUITests.swift */ = {isa = PBXFileReference; lastKnownFileType = sourcecode.swift; path = FinalTestXcodeBotUITests.swift; sourceTree = "<group>"; };
		C5913B6B23DB6DE6009D4091 /* Info.plist */ = {isa = PBXFileReference; lastKnownFileType = text.plist.xml; path = Info.plist; sourceTree = "<group>"; };
		C5913B7A23DB6EF7009D4091 /* DataManager.swift */ = {isa = PBXFileReference; lastKnownFileType = sourcecode.swift; path = DataManager.swift; sourceTree = "<group>"; };
/* End PBXFileReference section */

/* Begin PBXFrameworksBuildPhase section */
		C5913B4123DB6DDE009D4091 /* Frameworks */ = {
			isa = PBXFrameworksBuildPhase;
			buildActionMask = 2147483647;
			files = (
				C5913B7923DB6EB6009D4091 /* KeychainAccess in Frameworks */,
			);
			runOnlyForDeploymentPostprocessing = 0;
		};
		C5913B5723DB6DE6009D4091 /* Frameworks */ = {
			isa = PBXFrameworksBuildPhase;
			buildActionMask = 2147483647;
			files = (
			);
			runOnlyForDeploymentPostprocessing = 0;
		};
		C5913B6223DB6DE6009D4091 /* Frameworks */ = {
			isa = PBXFrameworksBuildPhase;
			buildActionMask = 2147483647;
			files = (
			);
			runOnlyForDeploymentPostprocessing = 0;
		};
/* End PBXFrameworksBuildPhase section */

/* Begin PBXGroup section */
		C5913B3B23DB6DDE009D4091 = {
			isa = PBXGroup;
			children = (
				C5913B4623DB6DDE009D4091 /* FinalTestXcodeBot */,
				C5913B5D23DB6DE6009D4091 /* FinalTestXcodeBotTests */,
				C5913B6823DB6DE6009D4091 /* FinalTestXcodeBotUITests */,
				C5913B4523DB6DDE009D4091 /* Products */,
			);
			sourceTree = "<group>";
		};
		C5913B4523DB6DDE009D4091 /* Products */ = {
			isa = PBXGroup;
			children = (
				C5913B4423DB6DDE009D4091 /* FinalTestXcodeBot.app */,
				C5913B5A23DB6DE6009D4091 /* FinalTestXcodeBotTests.xctest */,
				C5913B6523DB6DE6009D4091 /* FinalTestXcodeBotUITests.xctest */,
			);
			name = Products;
			sourceTree = "<group>";
		};
		C5913B4623DB6DDE009D4091 /* FinalTestXcodeBot */ = {
			isa = PBXGroup;
			children = (
				C5913B4723DB6DDE009D4091 /* AppDelegate.swift */,
				C5913B4923DB6DDE009D4091 /* SceneDelegate.swift */,
				C5913B4B23DB6DDE009D4091 /* ViewController.swift */,
				C5913B4D23DB6DDE009D4091 /* Main.storyboard */,
				C5913B5023DB6DE6009D4091 /* Assets.xcassets */,
				C5913B5223DB6DE6009D4091 /* LaunchScreen.storyboard */,
				C5913B5523DB6DE6009D4091 /* Info.plist */,
				C5913B7A23DB6EF7009D4091 /* DataManager.swift */,
			);
			path = FinalTestXcodeBot;
			sourceTree = "<group>";
		};
		C5913B5D23DB6DE6009D4091 /* FinalTestXcodeBotTests */ = {
			isa = PBXGroup;
			children = (
				C5913B5E23DB6DE6009D4091 /* FinalTestXcodeBotTests.swift */,
				C5913B6023DB6DE6009D4091 /* Info.plist */,
			);
			path = FinalTestXcodeBotTests;
			sourceTree = "<group>";
		};
		C5913B6823DB6DE6009D4091 /* FinalTestXcodeBotUITests */ = {
			isa = PBXGroup;
			children = (
				C5913B6923DB6DE6009D4091 /* FinalTestXcodeBotUITests.swift */,
				C5913B6B23DB6DE6009D4091 /* Info.plist */,
			);
			path = FinalTestXcodeBotUITests;
			sourceTree = "<group>";
		};
/* End PBXGroup section */

/* Begin PBXNativeTarget section */
		C5913B4323DB6DDE009D4091 /* FinalTestXcodeBot */ = {
			isa = PBXNativeTarget;
			buildConfigurationList = C5913B6E23DB6DE6009D4091 /* Build configuration list for PBXNativeTarget "FinalTestXcodeBot" */;
			buildPhases = (
				C5913B4023DB6DDE009D4091 /* Sources */,
				C5913B4123DB6DDE009D4091 /* Frameworks */,
				C5913B4223DB6DDE009D4091 /* Resources */,
			);
			buildRules = (
			);
			dependencies = (
			);
			name = FinalTestXcodeBot;
			packageProductDependencies = (
				C5913B7823DB6EB6009D4091 /* KeychainAccess */,
			);
			productName = FinalTestXcodeBot;
			productReference = C5913B4423DB6DDE009D4091 /* FinalTestXcodeBot.app */;
			productType = "com.apple.product-type.application";
		};
		C5913B5923DB6DE6009D4091 /* FinalTestXcodeBotTests */ = {
			isa = PBXNativeTarget;
			buildConfigurationList = C5913B7123DB6DE6009D4091 /* Build configuration list for PBXNativeTarget "FinalTestXcodeBotTests" */;
			buildPhases = (
				C5913B5623DB6DE6009D4091 /* Sources */,
				C5913B5723DB6DE6009D4091 /* Frameworks */,
				C5913B5823DB6DE6009D4091 /* Resources */,
			);
			buildRules = (
			);
			dependencies = (
				C5913B5C23DB6DE6009D4091 /* PBXTargetDependency */,
			);
			name = FinalTestXcodeBotTests;
			productName = FinalTestXcodeBotTests;
			productReference = C5913B5A23DB6DE6009D4091 /* FinalTestXcodeBotTests.xctest */;
			productType = "com.apple.product-type.bundle.unit-test";
		};
		C5913B6423DB6DE6009D4091 /* FinalTestXcodeBotUITests */ = {
			isa = PBXNativeTarget;
			buildConfigurationList = C5913B7423DB6DE6009D4091 /* Build configuration list for PBXNativeTarget "FinalTestXcodeBotUITests" */;
			buildPhases = (
				C5913B6123DB6DE6009D4091 /* Sources */,
				C5913B6223DB6DE6009D4091 /* Frameworks */,
				C5913B6323DB6DE6009D4091 /* Resources */,
			);
			buildRules = (
			);
			dependencies = (
				C5913B6723DB6DE6009D4091 /* PBXTargetDependency */,
			);
			name = FinalTestXcodeBotUITests;
			productName = FinalTestXcodeBotUITests;
			productReference = C5913B6523DB6DE6009D4091 /* FinalTestXcodeBotUITests.xctest */;
			productType = "com.apple.product-type.bundle.ui-testing";
		};
/* End PBXNativeTarget section */

/* Begin PBXProject section */
		C5913B3C23DB6DDE009D4091 /* Project object */ = {
			isa = PBXProject;
			attributes = {
				LastSwiftUpdateCheck = 1130;
				LastUpgradeCheck = 1130;
				ORGANIZATIONNAME = Rigil;
				TargetAttributes = {
					C5913B4323DB6DDE009D4091 = {
						CreatedOnToolsVersion = 11.3.1;
					};
					C5913B5923DB6DE6009D4091 = {
						CreatedOnToolsVersion = 11.3.1;
						TestTargetID = C5913B4323DB6DDE009D4091;
					};
					C5913B6423DB6DE6009D4091 = {
						CreatedOnToolsVersion = 11.3.1;
						TestTargetID = C5913B4323DB6DDE009D4091;
					};
				};
			};
			buildConfigurationList = C5913B3F23DB6DDE009D4091 /* Build configuration list for PBXProject "FinalTestXcodeBot" */;
			compatibilityVersion = "Xcode 9.3";
			developmentRegion = en;
			hasScannedForEncodings = 0;
			knownRegions = (
				en,
				Base,
			);
			mainGroup = C5913B3B23DB6DDE009D4091;
			packageReferences = (
				C5913B7723DB6EB6009D4091 /* XCRemoteSwiftPackageReference "KeychainAccess" */,
			);
			productRefGroup = C5913B4523DB6DDE009D4091 /* Products */;
			projectDirPath = "";
			projectRoot = "";
			targets = (
				C5913B4323DB6DDE009D4091 /* FinalTestXcodeBot */,
				C5913B5923DB6DE6009D4091 /* FinalTestXcodeBotTests */,
				C5913B6423DB6DE6009D4091 /* FinalTestXcodeBotUITests */,
			);
		};
/* End PBXProject section */

/* Begin PBXResourcesBuildPhase section */
		C5913B4223DB6DDE009D4091 /* Resources */ = {
			isa = PBXResourcesBuildPhase;
			buildActionMask = 2147483647;
			files = (
				C5913B5423DB6DE6009D4091 /* LaunchScreen.storyboard in Resources */,
				C5913B5123DB6DE6009D4091 /* Assets.xcassets in Resources */,
				C5913B4F23DB6DDE009D4091 /* Main.storyboard in Resources */,
			);
			runOnlyForDeploymentPostprocessing = 0;
		};
		C5913B5823DB6DE6009D4091 /* Resources */ = {
			isa = PBXResourcesBuildPhase;
			buildActionMask = 2147483647;
			files = (
			);
			runOnlyForDeploymentPostprocessing = 0;
		};
		C5913B6323DB6DE6009D4091 /* Resources */ = {
			isa = PBXResourcesBuildPhase;
			buildActionMask = 2147483647;
			files = (
			);
			runOnlyForDeploymentPostprocessing = 0;
		};
/* End PBXResourcesBuildPhase section */

/* Begin PBXSourcesBuildPhase section */
		C5913B4023DB6DDE009D4091 /* Sources */ = {
			isa = PBXSourcesBuildPhase;
			buildActionMask = 2147483647;
			files = (
				C5913B4C23DB6DDE009D4091 /* ViewController.swift in Sources */,
				C5913B7B23DB6EF7009D4091 /* DataManager.swift in Sources */,
				C5913B4823DB6DDE009D4091 /* AppDelegate.swift in Sources */,
				C5913B4A23DB6DDE009D4091 /* SceneDelegate.swift in Sources */,
			);
			runOnlyForDeploymentPostprocessing = 0;
		};
		C5913B5623DB6DE6009D4091 /* Sources */ = {
			isa = PBXSourcesBuildPhase;
			buildActionMask = 2147483647;
			files = (
				C5913B5F23DB6DE6009D4091 /* FinalTestXcodeBotTests.swift in Sources */,
				C5913B7C23DB7401009D4091 /* DataManager.swift in Sources */,
			);
			runOnlyForDeploymentPostprocessing = 0;
		};
		C5913B6123DB6DE6009D4091 /* Sources */ = {
			isa = PBXSourcesBuildPhase;
			buildActionMask = 2147483647;
			files = (
				C5913B6A23DB6DE6009D4091 /* FinalTestXcodeBotUITests.swift in Sources */,
				C5913B7D23DB7403009D4091 /* DataManager.swift in Sources */,
			);
			runOnlyForDeploymentPostprocessing = 0;
		};
/* End PBXSourcesBuildPhase section */

/* Begin PBXTargetDependency section */
		C5913B5C23DB6DE6009D4091 /* PBXTargetDependency */ = {
			isa = PBXTargetDependency;
			target = C5913B4323DB6DDE009D4091 /* FinalTestXcodeBot */;
			targetProxy = C5913B5B23DB6DE6009D4091 /* PBXContainerItemProxy */;
		};
		C5913B6723DB6DE6009D4091 /* PBXTargetDependency */ = {
			isa = PBXTargetDependency;
			target = C5913B4323DB6DDE009D4091 /* FinalTestXcodeBot */;
			targetProxy = C5913B6623DB6DE6009D4091 /* PBXContainerItemProxy */;
		};
/* End PBXTargetDependency section */

/* Begin PBXVariantGroup section */
		C5913B4D23DB6DDE009D4091 /* Main.storyboard */ = {
			isa = PBXVariantGroup;
			children = (
				C5913B4E23DB6DDE009D4091 /* Base */,
			);
			name = Main.storyboard;
			sourceTree = "<group>";
		};
		C5913B5223DB6DE6009D4091 /* LaunchScreen.storyboard */ = {
			isa = PBXVariantGroup;
			children = (
				C5913B5323DB6DE6009D4091 /* Base */,
			);
			name = LaunchScreen.storyboard;
			sourceTree = "<group>";
		};
/* End PBXVariantGroup section */

/* Begin XCBuildConfiguration section */
		C5913B6C23DB6DE6009D4091 /* Debug */ = {
			isa = XCBuildConfiguration;
			buildSettings = {
				ALWAYS_SEARCH_USER_PATHS = NO;
				CLANG_ANALYZER_NONNULL = YES;
				CLANG_ANALYZER_NUMBER_OBJECT_CONVERSION = YES_AGGRESSIVE;
				CLANG_CXX_LANGUAGE_STANDARD = "gnu++14";
				CLANG_CXX_LIBRARY = "libc++";
				CLANG_ENABLE_MODULES = YES;
				CLANG_ENABLE_OBJC_ARC = YES;
				CLANG_ENABLE_OBJC_WEAK = YES;
				CLANG_WARN_BLOCK_CAPTURE_AUTORELEASING = YES;
				CLANG_WARN_BOOL_CONVERSION = YES;
				CLANG_WARN_COMMA = YES;
				CLANG_WARN_CONSTANT_CONVERSION = YES;
				CLANG_WARN_DEPRECATED_OBJC_IMPLEMENTATIONS = YES;
				CLANG_WARN_DIRECT_OBJC_ISA_USAGE = YES_ERROR;
				CLANG_WARN_DOCUMENTATION_COMMENTS = YES;
				CLANG_WARN_EMPTY_BODY = YES;
				CLANG_WARN_ENUM_CONVERSION = YES;
				CLANG_WARN_INFINITE_RECURSION = YES;
				CLANG_WARN_INT_CONVERSION = YES;
				CLANG_WARN_NON_LITERAL_NULL_CONVERSION = YES;
				CLANG_WARN_OBJC_IMPLICIT_RETAIN_SELF = YES;
				CLANG_WARN_OBJC_LITERAL_CONVERSION = YES;
				CLANG_WARN_OBJC_ROOT_CLASS = YES_ERROR;
				CLANG_WARN_RANGE_LOOP_ANALYSIS = YES;
				CLANG_WARN_STRICT_PROTOTYPES = YES;
				CLANG_WARN_SUSPICIOUS_MOVE = YES;
				CLANG_WARN_UNGUARDED_AVAILABILITY = YES_AGGRESSIVE;
				CLANG_WARN_UNREACHABLE_CODE = YES;
				CLANG_WARN__DUPLICATE_METHOD_MATCH = YES;
				COPY_PHASE_STRIP = NO;
				DEBUG_INFORMATION_FORMAT = dwarf;
				ENABLE_STRICT_OBJC_MSGSEND = YES;
				ENABLE_TESTABILITY = YES;
				GCC_C_LANGUAGE_STANDARD = gnu11;
				GCC_DYNAMIC_NO_PIC = NO;
				GCC_NO_COMMON_BLOCKS = YES;
				GCC_OPTIMIZATION_LEVEL = 0;
				GCC_PREPROCESSOR_DEFINITIONS = (
					"DEBUG=1",
					"$(inherited)",
				);
				GCC_WARN_64_TO_32_BIT_CONVERSION = YES;
				GCC_WARN_ABOUT_RETURN_TYPE = YES_ERROR;
				GCC_WARN_UNDECLARED_SELECTOR = YES;
				GCC_WARN_UNINITIALIZED_AUTOS = YES_AGGRESSIVE;
				GCC_WARN_UNUSED_FUNCTION = YES;
				GCC_WARN_UNUSED_VARIABLE = YES;
				IPHONEOS_DEPLOYMENT_TARGET = 13.2;
				MTL_ENABLE_DEBUG_INFO = INCLUDE_SOURCE;
				MTL_FAST_MATH = YES;
				ONLY_ACTIVE_ARCH = YES;
				SDKROOT = iphoneos;
				SWIFT_ACTIVE_COMPILATION_CONDITIONS = DEBUG;
				SWIFT_OPTIMIZATION_LEVEL = "-Onone";
			};
			name = Debug;
		};
		C5913B6D23DB6DE6009D4091 /* Release */ = {
			isa = XCBuildConfiguration;
			buildSettings = {
				ALWAYS_SEARCH_USER_PATHS = NO;
				CLANG_ANALYZER_NONNULL = YES;
				CLANG_ANALYZER_NUMBER_OBJECT_CONVERSION = YES_AGGRESSIVE;
				CLANG_CXX_LANGUAGE_STANDARD = "gnu++14";
				CLANG_CXX_LIBRARY = "libc++";
				CLANG_ENABLE_MODULES = YES;
				CLANG_ENABLE_OBJC_ARC = YES;
				CLANG_ENABLE_OBJC_WEAK = YES;
				CLANG_WARN_BLOCK_CAPTURE_AUTORELEASING = YES;
				CLANG_WARN_BOOL_CONVERSION = YES;
				CLANG_WARN_COMMA = YES;
				CLANG_WARN_CONSTANT_CONVERSION = YES;
				CLANG_WARN_DEPRECATED_OBJC_IMPLEMENTATIONS = YES;
				CLANG_WARN_DIRECT_OBJC_ISA_USAGE = YES_ERROR;
				CLANG_WARN_DOCUMENTATION_COMMENTS = YES;
				CLANG_WARN_EMPTY_BODY = YES;
				CLANG_WARN_ENUM_CONVERSION = YES;
				CLANG_WARN_INFINITE_RECURSION = YES;
				CLANG_WARN_INT_CONVERSION = YES;
				CLANG_WARN_NON_LITERAL_NULL_CONVERSION = YES;
				CLANG_WARN_OBJC_IMPLICIT_RETAIN_SELF = YES;
				CLANG_WARN_OBJC_LITERAL_CONVERSION = YES;
				CLANG_WARN_OBJC_ROOT_CLASS = YES_ERROR;
				CLANG_WARN_RANGE_LOOP_ANALYSIS = YES;
				CLANG_WARN_STRICT_PROTOTYPES = YES;
				CLANG_WARN_SUSPICIOUS_MOVE = YES;
				CLANG_WARN_UNGUARDED_AVAILABILITY = YES_AGGRESSIVE;
				CLANG_WARN_UNREACHABLE_CODE = YES;
				CLANG_WARN__DUPLICATE_METHOD_MATCH = YES;
				COPY_PHASE_STRIP = NO;
				DEBUG_INFORMATION_FORMAT = "dwarf-with-dsym";
				ENABLE_NS_ASSERTIONS = NO;
				ENABLE_STRICT_OBJC_MSGSEND = YES;
				GCC_C_LANGUAGE_STANDARD = gnu11;
				GCC_NO_COMMON_BLOCKS = YES;
				GCC_WARN_64_TO_32_BIT_CONVERSION = YES;
				GCC_WARN_ABOUT_RETURN_TYPE = YES_ERROR;
				GCC_WARN_UNDECLARED_SELECTOR = YES;
				GCC_WARN_UNINITIALIZED_AUTOS = YES_AGGRESSIVE;
				GCC_WARN_UNUSED_FUNCTION = YES;
				GCC_WARN_UNUSED_VARIABLE = YES;
				IPHONEOS_DEPLOYMENT_TARGET = 13.2;
				MTL_ENABLE_DEBUG_INFO = NO;
				MTL_FAST_MATH = YES;
				SDKROOT = iphoneos;
				SWIFT_COMPILATION_MODE = wholemodule;
				SWIFT_OPTIMIZATION_LEVEL = "-O";
				VALIDATE_PRODUCT = YES;
			};
			name = Release;
		};
		C5913B6F23DB6DE6009D4091 /* Debug */ = {
			isa = XCBuildConfiguration;
			buildSettings = {
				ASSETCATALOG_COMPILER_APPICON_NAME = AppIcon;
				CODE_SIGN_STYLE = Automatic;
				DEVELOPMENT_TEAM = G945P93V6P;
				INFOPLIST_FILE = FinalTestXcodeBot/Info.plist;
				LD_RUNPATH_SEARCH_PATHS = (
					"$(inherited)",
					"@executable_path/Frameworks",
				);
				PRODUCT_BUNDLE_IDENTIFIER = com.rigil.FinalTestXcodeBot;
				PRODUCT_NAME = "$(TARGET_NAME)";
				SWIFT_VERSION = 5.0;
				TARGETED_DEVICE_FAMILY = "1,2";
			};
			name = Debug;
		};
		C5913B7023DB6DE6009D4091 /* Release */ = {
			isa = XCBuildConfiguration;
			buildSettings = {
				ASSETCATALOG_COMPILER_APPICON_NAME = AppIcon;
				CODE_SIGN_STYLE = Automatic;
				DEVELOPMENT_TEAM = G945P93V6P;
				INFOPLIST_FILE = FinalTestXcodeBot/Info.plist;
				LD_RUNPATH_SEARCH_PATHS = (
					"$(inherited)",
					"@executable_path/Frameworks",
				);
				PRODUCT_BUNDLE_IDENTIFIER = com.rigil.FinalTestXcodeBot;
				PRODUCT_NAME = "$(TARGET_NAME)";
				SWIFT_VERSION = 5.0;
				TARGETED_DEVICE_FAMILY = "1,2";
			};
			name = Release;
		};
		C5913B7223DB6DE6009D4091 /* Debug */ = {
			isa = XCBuildConfiguration;
			buildSettings = {
				ALWAYS_EMBED_SWIFT_STANDARD_LIBRARIES = YES;
				BUNDLE_LOADER = "$(TEST_HOST)";
				CODE_SIGN_STYLE = Automatic;
				DEVELOPMENT_TEAM = G945P93V6P;
				INFOPLIST_FILE = FinalTestXcodeBotTests/Info.plist;
				IPHONEOS_DEPLOYMENT_TARGET = 13.2;
				LD_RUNPATH_SEARCH_PATHS = (
					"$(inherited)",
					"@executable_path/Frameworks",
					"@loader_path/Frameworks",
				);
				PRODUCT_BUNDLE_IDENTIFIER = com.rigil.FinalTestXcodeBotTests;
				PRODUCT_NAME = "$(TARGET_NAME)";
				SWIFT_VERSION = 5.0;
				TARGETED_DEVICE_FAMILY = "1,2";
				TEST_HOST = "$(BUILT_PRODUCTS_DIR)/FinalTestXcodeBot.app/FinalTestXcodeBot";
			};
			name = Debug;
		};
		C5913B7323DB6DE6009D4091 /* Release */ = {
			isa = XCBuildConfiguration;
			buildSettings = {
				ALWAYS_EMBED_SWIFT_STANDARD_LIBRARIES = YES;
				BUNDLE_LOADER = "$(TEST_HOST)";
				CODE_SIGN_STYLE = Automatic;
				DEVELOPMENT_TEAM = G945P93V6P;
				INFOPLIST_FILE = FinalTestXcodeBotTests/Info.plist;
				IPHONEOS_DEPLOYMENT_TARGET = 13.2;
				LD_RUNPATH_SEARCH_PATHS = (
					"$(inherited)",
					"@executable_path/Frameworks",
					"@loader_path/Frameworks",
				);
				PRODUCT_BUNDLE_IDENTIFIER = com.rigil.FinalTestXcodeBotTests;
				PRODUCT_NAME = "$(TARGET_NAME)";
				SWIFT_VERSION = 5.0;
				TARGETED_DEVICE_FAMILY = "1,2";
				TEST_HOST = "$(BUILT_PRODUCTS_DIR)/FinalTestXcodeBot.app/FinalTestXcodeBot";
			};
			name = Release;
		};
		C5913B7523DB6DE6009D4091 /* Debug */ = {
			isa = XCBuildConfiguration;
			buildSettings = {
				ALWAYS_EMBED_SWIFT_STANDARD_LIBRARIES = YES;
				CODE_SIGN_STYLE = Automatic;
				DEVELOPMENT_TEAM = G945P93V6P;
				INFOPLIST_FILE = FinalTestXcodeBotUITests/Info.plist;
				LD_RUNPATH_SEARCH_PATHS = (
					"$(inherited)",
					"@executable_path/Frameworks",
					"@loader_path/Frameworks",
				);
				PRODUCT_BUNDLE_IDENTIFIER = com.rigil.FinalTestXcodeBotUITests;
				PRODUCT_NAME = "$(TARGET_NAME)";
				SWIFT_VERSION = 5.0;
				TARGETED_DEVICE_FAMILY = "1,2";
				TEST_TARGET_NAME = FinalTestXcodeBot;
			};
			name = Debug;
		};
		C5913B7623DB6DE6009D4091 /* Release */ = {
			isa = XCBuildConfiguration;
			buildSettings = {
				ALWAYS_EMBED_SWIFT_STANDARD_LIBRARIES = YES;
				CODE_SIGN_STYLE = Automatic;
				DEVELOPMENT_TEAM = G945P93V6P;
				INFOPLIST_FILE = FinalTestXcodeBotUITests/Info.plist;
				LD_RUNPATH_SEARCH_PATHS = (
					"$(inherited)",
					"@executable_path/Frameworks",
					"@loader_path/Frameworks",
				);
				PRODUCT_BUNDLE_IDENTIFIER = com.rigil.FinalTestXcodeBotUITests;
				PRODUCT_NAME = "$(TARGET_NAME)";
				SWIFT_VERSION = 5.0;
				TARGETED_DEVICE_FAMILY = "1,2";
				TEST_TARGET_NAME = FinalTestXcodeBot;
			};
			name = Release;
		};
/* End XCBuildConfiguration section */

/* Begin XCConfigurationList section */
		C5913B3F23DB6DDE009D4091 /* Build configuration list for PBXProject "FinalTestXcodeBot" */ = {
			isa = XCConfigurationList;
			buildConfigurations = (
				C5913B6C23DB6DE6009D4091 /* Debug */,
				C5913B6D23DB6DE6009D4091 /* Release */,
			);
			defaultConfigurationIsVisible = 0;
			defaultConfigurationName = Release;
		};
		C5913B6E23DB6DE6009D4091 /* Build configuration list for PBXNativeTarget "FinalTestXcodeBot" */ = {
			isa = XCConfigurationList;
			buildConfigurations = (
				C5913B6F23DB6DE6009D4091 /* Debug */,
				C5913B7023DB6DE6009D4091 /* Release */,
			);
			defaultConfigurationIsVisible = 0;
			defaultConfigurationName = Release;
		};
		C5913B7123DB6DE6009D4091 /* Build configuration list for PBXNativeTarget "FinalTestXcodeBotTests" */ = {
			isa = XCConfigurationList;
			buildConfigurations = (
				C5913B7223DB6DE6009D4091 /* Debug */,
				C5913B7323DB6DE6009D4091 /* Release */,
			);
			defaultConfigurationIsVisible = 0;
			defaultConfigurationName = Release;
		};
		C5913B7423DB6DE6009D4091 /* Build configuration list for PBXNativeTarget "FinalTestXcodeBotUITests" */ = {
			isa = XCConfigurationList;
			buildConfigurations = (
				C5913B7523DB6DE6009D4091 /* Debug */,
				C5913B7623DB6DE6009D4091 /* Release */,
			);
			defaultConfigurationIsVisible = 0;
			defaultConfigurationName = Release;
		};
/* End XCConfigurationList section */

/* Begin XCRemoteSwiftPackageReference section */
		C5913B7723DB6EB6009D4091 /* XCRemoteSwiftPackageReference "KeychainAccess" */ = {
			isa = XCRemoteSwiftPackageReference;
			repositoryURL = "git@github.com:kishikawakatsumi/KeychainAccess.git";
			requirement = {
				kind = upToNextMajorVersion;
				minimumVersion = 4.1.0;
			};
		};
/* End XCRemoteSwiftPackageReference section */

/* Begin XCSwiftPackageProductDependency section */
		C5913B7823DB6EB6009D4091 /* KeychainAccess */ = {
			isa = XCSwiftPackageProductDependency;
			package = C5913B7723DB6EB6009D4091 /* XCRemoteSwiftPackageReference "KeychainAccess" */;
			productName = KeychainAccess;
		};
/* End XCSwiftPackageProductDependency section */
	};
	rootObject = C5913B3C23DB6DDE009D4091 /* Project object */;
}
